
Microsoft Visual Studio Solution File, Format Version 12.00
# Visual Studio Version 17
VisualStudioVersion = 17.10.34928.147
MinimumVisualStudioVersion = 10.0.40219.1
Project("{9A19103F-16F7-4668-BE54-9A1E7A4F7556}") = "BussinessObject", "BusinessObject\BussinessObject.csproj", "{993792E8-6C26-466C-BDDE-1A57354F9155}"
EndProject
Project("{9A19103F-16F7-4668-BE54-9A1E7A4F7556}") = "DataAccess", "DataAccess\DataAccess.csproj", "{3E792673-87AD-4E4A-B1CC-8ECCE66EF0DC}"
EndProject
Project("{9A19103F-16F7-4668-BE54-9A1E7A4F7556}") = "Repositories", "Repositories\Repositories.csproj", "{5596B703-CD62-4860-9A74-DE393B42A0B0}"
EndProject
Project("{9A19103F-16F7-4668-BE54-9A1E7A4F7556}") = "eStoreAPI", "eStoreAPI\eStoreAPI.csproj", "{680B265B-704E-419C-94B9-EA465BB24409}"
EndProject
Project("{9A19103F-16F7-4668-BE54-9A1E7A4F7556}") = "eStoreClient", "eStoreClient\eStoreClient.csproj", "{DA1CB8AD-4B6C-4FB2-B140-AF8029B841DB}"
EndProject
Global
	GlobalSection(SolutionConfigurationPlatforms) = preSolution
		Debug|Any CPU = Debug|Any CPU
		Release|Any CPU = Release|Any CPU
	EndGlobalSection
	GlobalSection(ProjectConfigurationPlatforms) = postSolution
		{993792E8-6C26-466C-BDDE-1A57354F9155}.Debug|Any CPU.ActiveCfg = Debug|Any CPU
		{993792E8-6C26-466C-BDDE-1A57354F9155}.Debug|Any CPU.Build.0 = Debug|Any CPU
		{993792E8-6C26-466C-BDDE-1A57354F9155}.Release|Any CPU.ActiveCfg = Release|Any CPU
		{993792E8-6C26-466C-BDDE-1A57354F9155}.Release|Any CPU.Build.0 = Release|Any CPU
		{3E792673-87AD-4E4A-B1CC-8ECCE66EF0DC}.Debug|Any CPU.ActiveCfg = Debug|Any CPU
		{3E792673-87AD-4E4A-B1CC-8ECCE66EF0DC}.Debug|Any CPU.Build.0 = Debug|Any CPU
		{3E792673-87AD-4E4A-B1CC-8ECCE66EF0DC}.Release|Any CPU.ActiveCfg = Release|Any CPU
		{3E792673-87AD-4E4A-B1CC-8ECCE66EF0DC}.Release|Any CPU.Build.0 = Release|Any CPU
		{5596B703-CD62-4860-9A74-DE393B42A0B0}.Debug|Any CPU.ActiveCfg = Debug|Any CPU
		{5596B703-CD62-4860-9A74-DE393B42A0B0}.Debug|Any CPU.Build.0 = Debug|Any CPU
		{5596B703-CD62-4860-9A74-DE393B42A0B0}.Release|Any CPU.ActiveCfg = Release|Any CPU
		{5596B703-CD62-4860-9A74-DE393B42A0B0}.Release|Any CPU.Build.0 = Release|Any CPU
		{680B265B-704E-419C-94B9-EA465BB24409}.Debug|Any CPU.ActiveCfg = Debug|Any CPU
		{680B265B-704E-419C-94B9-EA465BB24409}.Debug|Any CPU.Build.0 = Debug|Any CPU
		{680B265B-704E-419C-94B9-EA465BB24409}.Release|Any CPU.ActiveCfg = Release|Any CPU
		{680B265B-704E-419C-94B9-EA465BB24409}.Release|Any CPU.Build.0 = Release|Any CPU
		{DA1CB8AD-4B6C-4FB2-B140-AF8029B841DB}.Debug|Any CPU.ActiveCfg = Debug|Any CPU
		{DA1CB8AD-4B6C-4FB2-B140-AF8029B841DB}.Debug|Any CPU.Build.0 = Debug|Any CPU
		{DA1CB8AD-4B6C-4FB2-B140-AF8029B841DB}.Release|Any CPU.ActiveCfg = Release|Any CPU
		{DA1CB8AD-4B6C-4FB2-B140-AF8029B841DB}.Release|Any CPU.Build.0 = Release|Any CPU
	EndGlobalSection
	GlobalSection(SolutionProperties) = preSolution
		HideSolutionNode = FALSE
	EndGlobalSection
	GlobalSection(ExtensibilityGlobals) = postSolution
		SolutionGuid = {D55DB151-F9C8-4BE0-9ED7-917F4DB969EE}
	EndGlobalSection
EndGlobal
